
Microsoft Visual Studio Solution File, Format Version 12.00
# Visual Studio Version 16
VisualStudioVersion = 16.0.29709.97
MinimumVisualStudioVersion = 10.0.40219.1
Project("{FAE04EC0-301F-11D3-BF4B-00C04F79EFBC}") = "ConsoleApp2", "ConsoleApp2.csproj", "{C8D53A5C-9711-4FBF-B9EF-8A4FDE0E4BA3}"
EndProject
Global
	GlobalSection(SolutionConfigurationPlatforms) = preSolution
		Debug|Any CPU = Debug|Any CPU
		Release|Any CPU = Release|Any CPU
	EndGlobalSection
	GlobalSection(ProjectConfigurationPlatforms) = postSolution
		{C8D53A5C-9711-4FBF-B9EF-8A4FDE0E4BA3}.Debug|Any CPU.ActiveCfg = Debug|Any CPU
		{C8D53A5C-9711-4FBF-B9EF-8A4FDE0E4BA3}.Debug|Any CPU.Build.0 = Debug|Any CPU
		{C8D53A5C-9711-4FBF-B9EF-8A4FDE0E4BA3}.Release|Any CPU.ActiveCfg = Release|Any CPU
		{C8D53A5C-9711-4FBF-B9EF-8A4FDE0E4BA3}.Release|Any CPU.Build.0 = Release|Any CPU
	EndGlobalSection
	GlobalSection(SolutionProperties) = preSolution
		HideSolutionNode = FALSE
	EndGlobalSection
	GlobalSection(ExtensibilityGlobals) = postSolution
		SolutionGuid = {27637749-5391-4B06-BD32-11037CDDF0F3}
	EndGlobalSection
EndGlobal
