
Microsoft Visual Studio Solution File, Format Version 12.00
# Visual Studio Version 16
VisualStudioVersion = 16.0.29709.97
MinimumVisualStudioVersion = 10.0.40219.1
Project("{FAE04EC0-301F-11D3-BF4B-00C04F79EFBC}") = "ConsoleApp1", "ConsoleApp1.csproj", "{5E65C7C5-4198-4EC9-977B-805385403463}"
EndProject
Global
	GlobalSection(SolutionConfigurationPlatforms) = preSolution
		Debug|Any CPU = Debug|Any CPU
		Release|Any CPU = Release|Any CPU
	EndGlobalSection
	GlobalSection(ProjectConfigurationPlatforms) = postSolution
		{5E65C7C5-4198-4EC9-977B-805385403463}.Debug|Any CPU.ActiveCfg = Debug|Any CPU
		{5E65C7C5-4198-4EC9-977B-805385403463}.Debug|Any CPU.Build.0 = Debug|Any CPU
		{5E65C7C5-4198-4EC9-977B-805385403463}.Release|Any CPU.ActiveCfg = Release|Any CPU
		{5E65C7C5-4198-4EC9-977B-805385403463}.Release|Any CPU.Build.0 = Release|Any CPU
	EndGlobalSection
	GlobalSection(SolutionProperties) = preSolution
		HideSolutionNode = FALSE
	EndGlobalSection
	GlobalSection(ExtensibilityGlobals) = postSolution
		SolutionGuid = {416B315F-1182-4EE9-AD19-AF127D18C32B}
	EndGlobalSection
EndGlobal
