
Microsoft Visual Studio Solution File, Format Version 12.00
# Visual Studio Version 16
VisualStudioVersion = 16.0.29709.97
MinimumVisualStudioVersion = 10.0.40219.1
Project("{FAE04EC0-301F-11D3-BF4B-00C04F79EFBC}") = "BethanysPieShop", "BethanysPieShop.csproj", "{CE51A523-BB85-4A9F-BAC6-EB340969358E}"
EndProject
Global
	GlobalSection(SolutionConfigurationPlatforms) = preSolution
		Debug|Any CPU = Debug|Any CPU
		Release|Any CPU = Release|Any CPU
	EndGlobalSection
	GlobalSection(ProjectConfigurationPlatforms) = postSolution
		{CE51A523-BB85-4A9F-BAC6-EB340969358E}.Debug|Any CPU.ActiveCfg = Debug|Any CPU
		{CE51A523-BB85-4A9F-BAC6-EB340969358E}.Debug|Any CPU.Build.0 = Debug|Any CPU
		{CE51A523-BB85-4A9F-BAC6-EB340969358E}.Release|Any CPU.ActiveCfg = Release|Any CPU
		{CE51A523-BB85-4A9F-BAC6-EB340969358E}.Release|Any CPU.Build.0 = Release|Any CPU
	EndGlobalSection
	GlobalSection(SolutionProperties) = preSolution
		HideSolutionNode = FALSE
	EndGlobalSection
	GlobalSection(ExtensibilityGlobals) = postSolution
		SolutionGuid = {7A11B74F-CC5B-4736-A730-60F5149E5EBC}
	EndGlobalSection
EndGlobal
